// !$*UTF8*$!
{
	archiveVersion = 1;
	classes = {
	};
	objectVersion = 46;
	objects = {

/* Begin PBXBuildFile section */
		89B0FB1519AF4BCD000C13B8 /* UIView+AutoLayout.m in Sources */ = {isa = PBXBuildFile; fileRef = 89B0FB1419AF4BCD000C13B8 /* UIView+AutoLayout.m */; };
		89D1DD1519AE7D8A004D8C04 /* Foundation.framework in Frameworks */ = {isa = PBXBuildFile; fileRef = 89D1DD1419AE7D8A004D8C04 /* Foundation.framework */; };
		89D1DD1719AE7D8A004D8C04 /* CoreGraphics.framework in Frameworks */ = {isa = PBXBuildFile; fileRef = 89D1DD1619AE7D8A004D8C04 /* CoreGraphics.framework */; };
		89D1DD1919AE7D8A004D8C04 /* UIKit.framework in Frameworks */ = {isa = PBXBuildFile; fileRef = 89D1DD1819AE7D8A004D8C04 /* UIKit.framework */; };
		89D1DD1F19AE7D8A004D8C04 /* InfoPlist.strings in Resources */ = {isa = PBXBuildFile; fileRef = 89D1DD1D19AE7D8A004D8C04 /* InfoPlist.strings */; };
		89D1DD2119AE7D8A004D8C04 /* main.m in Sources */ = {isa = PBXBuildFile; fileRef = 89D1DD2019AE7D8A004D8C04 /* main.m */; };
		89D1DD2519AE7D8A004D8C04 /* KMAppDelegate.m in Sources */ = {isa = PBXBuildFile; fileRef = 89D1DD2419AE7D8A004D8C04 /* KMAppDelegate.m */; };
		89D1DD2719AE7D8A004D8C04 /* Images.xcassets in Resources */ = {isa = PBXBuildFile; fileRef = 89D1DD2619AE7D8A004D8C04 /* Images.xcassets */; };
		89D1DD2E19AE7D8A004D8C04 /* XCTest.framework in Frameworks */ = {isa = PBXBuildFile; fileRef = 89D1DD2D19AE7D8A004D8C04 /* XCTest.framework */; };
		89D1DD2F19AE7D8A004D8C04 /* Foundation.framework in Frameworks */ = {isa = PBXBuildFile; fileRef = 89D1DD1419AE7D8A004D8C04 /* Foundation.framework */; };
		89D1DD3019AE7D8A004D8C04 /* UIKit.framework in Frameworks */ = {isa = PBXBuildFile; fileRef = 89D1DD1819AE7D8A004D8C04 /* UIKit.framework */; };
		89D1DD3819AE7D8A004D8C04 /* InfoPlist.strings in Resources */ = {isa = PBXBuildFile; fileRef = 89D1DD3619AE7D8A004D8C04 /* InfoPlist.strings */; };
		89D1DD3A19AE7D8A004D8C04 /* KMMediaControlsTests.m in Sources */ = {isa = PBXBuildFile; fileRef = 89D1DD3919AE7D8A004D8C04 /* KMMediaControlsTests.m */; };
		89D1DD4519AE7E65004D8C04 /* KMRootViewController.m in Sources */ = {isa = PBXBuildFile; fileRef = 89D1DD4419AE7E65004D8C04 /* KMRootViewController.m */; };
		89D1DD4819AE7ED8004D8C04 /* AVFoundation.framework in Frameworks */ = {isa = PBXBuildFile; fileRef = 89D1DD4719AE7ED8004D8C04 /* AVFoundation.framework */; };
		89D1DD4A19AE7FF9004D8C04 /* audio.mp3 in Resources */ = {isa = PBXBuildFile; fileRef = 89D1DD4919AE7FF9004D8C04 /* audio.mp3 */; };
		89D1DD4D19AE84F5004D8C04 /* KMMediaControls.m in Sources */ = {isa = PBXBuildFile; fileRef = 89D1DD4C19AE84F5004D8C04 /* KMMediaControls.m */; };
/* End PBXBuildFile section */

/* Begin PBXContainerItemProxy section */
		89D1DD3119AE7D8A004D8C04 /* PBXContainerItemProxy */ = {
			isa = PBXContainerItemProxy;
			containerPortal = 89D1DD0919AE7D89004D8C04 /* Project object */;
			proxyType = 1;
			remoteGlobalIDString = 89D1DD1019AE7D89004D8C04;
			remoteInfo = KMMediaControls;
		};
/* End PBXContainerItemProxy section */

/* Begin PBXFileReference section */
		89B0FB1319AF4BCD000C13B8 /* UIView+AutoLayout.h */ = {isa = PBXFileReference; fileEncoding = 4; lastKnownFileType = sourcecode.c.h; name = "UIView+AutoLayout.h"; path = "Utilities/UIView+AutoLayout.h"; sourceTree = "<group>"; };
		89B0FB1419AF4BCD000C13B8 /* UIView+AutoLayout.m */ = {isa = PBXFileReference; fileEncoding = 4; lastKnownFileType = sourcecode.c.objc; name = "UIView+AutoLayout.m"; path = "Utilities/UIView+AutoLayout.m"; sourceTree = "<group>"; };
		89D1DD1119AE7D8A004D8C04 /* KMMediaControls.app */ = {isa = PBXFileReference; explicitFileType = wrapper.application; includeInIndex = 0; path = KMMediaControls.app; sourceTree = BUILT_PRODUCTS_DIR; };
		89D1DD1419AE7D8A004D8C04 /* Foundation.framework */ = {isa = PBXFileReference; lastKnownFileType = wrapper.framework; name = Foundation.framework; path = System/Library/Frameworks/Foundation.framework; sourceTree = SDKROOT; };
		89D1DD1619AE7D8A004D8C04 /* CoreGraphics.framework */ = {isa = PBXFileReference; lastKnownFileType = wrapper.framework; name = CoreGraphics.framework; path = System/Library/Frameworks/CoreGraphics.framework; sourceTree = SDKROOT; };
		89D1DD1819AE7D8A004D8C04 /* UIKit.framework */ = {isa = PBXFileReference; lastKnownFileType = wrapper.framework; name = UIKit.framework; path = System/Library/Frameworks/UIKit.framework; sourceTree = SDKROOT; };
		89D1DD1C19AE7D8A004D8C04 /* KMMediaControls-Info.plist */ = {isa = PBXFileReference; lastKnownFileType = text.plist.xml; path = "KMMediaControls-Info.plist"; sourceTree = "<group>"; };
		89D1DD1E19AE7D8A004D8C04 /* en */ = {isa = PBXFileReference; lastKnownFileType = text.plist.strings; name = en; path = en.lproj/InfoPlist.strings; sourceTree = "<group>"; };
		89D1DD2019AE7D8A004D8C04 /* main.m */ = {isa = PBXFileReference; lastKnownFileType = sourcecode.c.objc; path = main.m; sourceTree = "<group>"; };
		89D1DD2219AE7D8A004D8C04 /* KMMediaControls-Prefix.pch */ = {isa = PBXFileReference; lastKnownFileType = sourcecode.c.h; path = "KMMediaControls-Prefix.pch"; sourceTree = "<group>"; };
		89D1DD2319AE7D8A004D8C04 /* KMAppDelegate.h */ = {isa = PBXFileReference; lastKnownFileType = sourcecode.c.h; path = KMAppDelegate.h; sourceTree = "<group>"; };
		89D1DD2419AE7D8A004D8C04 /* KMAppDelegate.m */ = {isa = PBXFileReference; lastKnownFileType = sourcecode.c.objc; path = KMAppDelegate.m; sourceTree = "<group>"; };
		89D1DD2619AE7D8A004D8C04 /* Images.xcassets */ = {isa = PBXFileReference; lastKnownFileType = folder.assetcatalog; path = Images.xcassets; sourceTree = "<group>"; };
		89D1DD2C19AE7D8A004D8C04 /* KMMediaControlsTests.xctest */ = {isa = PBXFileReference; explicitFileType = wrapper.cfbundle; includeInIndex = 0; path = KMMediaControlsTests.xctest; sourceTree = BUILT_PRODUCTS_DIR; };
		89D1DD2D19AE7D8A004D8C04 /* XCTest.framework */ = {isa = PBXFileReference; lastKnownFileType = wrapper.framework; name = XCTest.framework; path = Library/Frameworks/XCTest.framework; sourceTree = DEVELOPER_DIR; };
		89D1DD3519AE7D8A004D8C04 /* KMMediaControlsTests-Info.plist */ = {isa = PBXFileReference; lastKnownFileType = text.plist.xml; path = "KMMediaControlsTests-Info.plist"; sourceTree = "<group>"; };
		89D1DD3719AE7D8A004D8C04 /* en */ = {isa = PBXFileReference; lastKnownFileType = text.plist.strings; name = en; path = en.lproj/InfoPlist.strings; sourceTree = "<group>"; };
		89D1DD3919AE7D8A004D8C04 /* KMMediaControlsTests.m */ = {isa = PBXFileReference; lastKnownFileType = sourcecode.c.objc; path = KMMediaControlsTests.m; sourceTree = "<group>"; };
		89D1DD4319AE7E65004D8C04 /* KMRootViewController.h */ = {isa = PBXFileReference; fileEncoding = 4; lastKnownFileType = sourcecode.c.h; name = KMRootViewController.h; path = Controllers/KMRootViewController.h; sourceTree = "<group>"; };
		89D1DD4419AE7E65004D8C04 /* KMRootViewController.m */ = {isa = PBXFileReference; fileEncoding = 4; lastKnownFileType = sourcecode.c.objc; name = KMRootViewController.m; path = Controllers/KMRootViewController.m; sourceTree = "<group>"; };
		89D1DD4719AE7ED8004D8C04 /* AVFoundation.framework */ = {isa = PBXFileReference; lastKnownFileType = wrapper.framework; name = AVFoundation.framework; path = System/Library/Frameworks/AVFoundation.framework; sourceTree = SDKROOT; };
		89D1DD4919AE7FF9004D8C04 /* audio.mp3 */ = {isa = PBXFileReference; lastKnownFileType = audio.mp3; path = audio.mp3; sourceTree = "<group>"; };
		89D1DD4B19AE84F5004D8C04 /* KMMediaControls.h */ = {isa = PBXFileReference; fileEncoding = 4; lastKnownFileType = sourcecode.c.h; name = KMMediaControls.h; path = Views/KMMediaControls.h; sourceTree = "<group>"; };
		89D1DD4C19AE84F5004D8C04 /* KMMediaControls.m */ = {isa = PBXFileReference; fileEncoding = 4; lastKnownFileType = sourcecode.c.objc; name = KMMediaControls.m; path = Views/KMMediaControls.m; sourceTree = "<group>"; };
/* End PBXFileReference section */

/* Begin PBXFrameworksBuildPhase section */
		89D1DD0E19AE7D89004D8C04 /* Frameworks */ = {
			isa = PBXFrameworksBuildPhase;
			buildActionMask = 2147483647;
			files = (
				89D1DD4819AE7ED8004D8C04 /* AVFoundation.framework in Frameworks */,
				89D1DD1719AE7D8A004D8C04 /* CoreGraphics.framework in Frameworks */,
				89D1DD1919AE7D8A004D8C04 /* UIKit.framework in Frameworks */,
				89D1DD1519AE7D8A004D8C04 /* Foundation.framework in Frameworks */,
			);
			runOnlyForDeploymentPostprocessing = 0;
		};
		89D1DD2919AE7D8A004D8C04 /* Frameworks */ = {
			isa = PBXFrameworksBuildPhase;
			buildActionMask = 2147483647;
			files = (
				89D1DD2E19AE7D8A004D8C04 /* XCTest.framework in Frameworks */,
				89D1DD3019AE7D8A004D8C04 /* UIKit.framework in Frameworks */,
				89D1DD2F19AE7D8A004D8C04 /* Foundation.framework in Frameworks */,
			);
			runOnlyForDeploymentPostprocessing = 0;
		};
/* End PBXFrameworksBuildPhase section */

/* Begin PBXGroup section */
		89B0FB1219AF4BAB000C13B8 /* Utilities */ = {
			isa = PBXGroup;
			children = (
				89B0FB1319AF4BCD000C13B8 /* UIView+AutoLayout.h */,
				89B0FB1419AF4BCD000C13B8 /* UIView+AutoLayout.m */,
			);
			name = Utilities;
			sourceTree = "<group>";
		};
		89D1DD0819AE7D89004D8C04 = {
			isa = PBXGroup;
			children = (
				89D1DD1A19AE7D8A004D8C04 /* KMMediaControls */,
				89D1DD3319AE7D8A004D8C04 /* KMMediaControlsTests */,
				89D1DD1319AE7D8A004D8C04 /* Frameworks */,
				89D1DD1219AE7D8A004D8C04 /* Products */,
			);
			sourceTree = "<group>";
		};
		89D1DD1219AE7D8A004D8C04 /* Products */ = {
			isa = PBXGroup;
			children = (
				89D1DD1119AE7D8A004D8C04 /* KMMediaControls.app */,
				89D1DD2C19AE7D8A004D8C04 /* KMMediaControlsTests.xctest */,
			);
			name = Products;
			sourceTree = "<group>";
		};
		89D1DD1319AE7D8A004D8C04 /* Frameworks */ = {
			isa = PBXGroup;
			children = (
				89D1DD4719AE7ED8004D8C04 /* AVFoundation.framework */,
				89D1DD1419AE7D8A004D8C04 /* Foundation.framework */,
				89D1DD1619AE7D8A004D8C04 /* CoreGraphics.framework */,
				89D1DD1819AE7D8A004D8C04 /* UIKit.framework */,
				89D1DD2D19AE7D8A004D8C04 /* XCTest.framework */,
			);
			name = Frameworks;
			sourceTree = "<group>";
		};
		89D1DD1A19AE7D8A004D8C04 /* KMMediaControls */ = {
			isa = PBXGroup;
			children = (
				89D1DD2319AE7D8A004D8C04 /* KMAppDelegate.h */,
				89D1DD2419AE7D8A004D8C04 /* KMAppDelegate.m */,
				89D1DD2619AE7D8A004D8C04 /* Images.xcassets */,
				89D1DD1B19AE7D8A004D8C04 /* Supporting Files */,
				89B0FB1219AF4BAB000C13B8 /* Utilities */,
				89D1DD4619AE7E69004D8C04 /* Controllers */,
				89D1DD4E19AE84F9004D8C04 /* Views */,
			);
			path = KMMediaControls;
			sourceTree = "<group>";
		};
		89D1DD1B19AE7D8A004D8C04 /* Supporting Files */ = {
			isa = PBXGroup;
			children = (
				89D1DD4919AE7FF9004D8C04 /* audio.mp3 */,
				89D1DD1C19AE7D8A004D8C04 /* KMMediaControls-Info.plist */,
				89D1DD1D19AE7D8A004D8C04 /* InfoPlist.strings */,
				89D1DD2019AE7D8A004D8C04 /* main.m */,
				89D1DD2219AE7D8A004D8C04 /* KMMediaControls-Prefix.pch */,
			);
			name = "Supporting Files";
			sourceTree = "<group>";
		};
		89D1DD3319AE7D8A004D8C04 /* KMMediaControlsTests */ = {
			isa = PBXGroup;
			children = (
				89D1DD3919AE7D8A004D8C04 /* KMMediaControlsTests.m */,
				89D1DD3419AE7D8A004D8C04 /* Supporting Files */,
			);
			path = KMMediaControlsTests;
			sourceTree = "<group>";
		};
		89D1DD3419AE7D8A004D8C04 /* Supporting Files */ = {
			isa = PBXGroup;
			children = (
				89D1DD3519AE7D8A004D8C04 /* KMMediaControlsTests-Info.plist */,
				89D1DD3619AE7D8A004D8C04 /* InfoPlist.strings */,
			);
			name = "Supporting Files";
			sourceTree = "<group>";
		};
		89D1DD4619AE7E69004D8C04 /* Controllers */ = {
			isa = PBXGroup;
			children = (
				89D1DD4319AE7E65004D8C04 /* KMRootViewController.h */,
				89D1DD4419AE7E65004D8C04 /* KMRootViewController.m */,
			);
			name = Controllers;
			sourceTree = "<group>";
		};
		89D1DD4E19AE84F9004D8C04 /* Views */ = {
			isa = PBXGroup;
			children = (
				89D1DD4B19AE84F5004D8C04 /* KMMediaControls.h */,
				89D1DD4C19AE84F5004D8C04 /* KMMediaControls.m */,
			);
			name = Views;
			sourceTree = "<group>";
		};
/* End PBXGroup section */

/* Begin PBXNativeTarget section */
		89D1DD1019AE7D89004D8C04 /* KMMediaControls */ = {
			isa = PBXNativeTarget;
			buildConfigurationList = 89D1DD3D19AE7D8A004D8C04 /* Build configuration list for PBXNativeTarget "KMMediaControls" */;
			buildPhases = (
				89D1DD0D19AE7D89004D8C04 /* Sources */,
				89D1DD0E19AE7D89004D8C04 /* Frameworks */,
				89D1DD0F19AE7D89004D8C04 /* Resources */,
			);
			buildRules = (
			);
			dependencies = (
			);
			name = KMMediaControls;
			productName = KMMediaControls;
			productReference = 89D1DD1119AE7D8A004D8C04 /* KMMediaControls.app */;
			productType = "com.apple.product-type.application";
		};
		89D1DD2B19AE7D8A004D8C04 /* KMMediaControlsTests */ = {
			isa = PBXNativeTarget;
			buildConfigurationList = 89D1DD4019AE7D8A004D8C04 /* Build configuration list for PBXNativeTarget "KMMediaControlsTests" */;
			buildPhases = (
				89D1DD2819AE7D8A004D8C04 /* Sources */,
				89D1DD2919AE7D8A004D8C04 /* Frameworks */,
				89D1DD2A19AE7D8A004D8C04 /* Resources */,
			);
			buildRules = (
			);
			dependencies = (
				89D1DD3219AE7D8A004D8C04 /* PBXTargetDependency */,
			);
			name = KMMediaControlsTests;
			productName = KMMediaControlsTests;
			productReference = 89D1DD2C19AE7D8A004D8C04 /* KMMediaControlsTests.xctest */;
			productType = "com.apple.product-type.bundle.unit-test";
		};
/* End PBXNativeTarget section */

/* Begin PBXProject section */
		89D1DD0919AE7D89004D8C04 /* Project object */ = {
			isa = PBXProject;
			attributes = {
				CLASSPREFIX = KM;
				LastUpgradeCheck = 0510;
				ORGANIZATIONNAME = "Kieran McGrady";
				TargetAttributes = {
					89D1DD2B19AE7D8A004D8C04 = {
						TestTargetID = 89D1DD1019AE7D89004D8C04;
					};
				};
			};
			buildConfigurationList = 89D1DD0C19AE7D89004D8C04 /* Build configuration list for PBXProject "KMMediaControls" */;
			compatibilityVersion = "Xcode 3.2";
			developmentRegion = English;
			hasScannedForEncodings = 0;
			knownRegions = (
				en,
			);
			mainGroup = 89D1DD0819AE7D89004D8C04;
			productRefGroup = 89D1DD1219AE7D8A004D8C04 /* Products */;
			projectDirPath = "";
			projectRoot = "";
			targets = (
				89D1DD1019AE7D89004D8C04 /* KMMediaControls */,
				89D1DD2B19AE7D8A004D8C04 /* KMMediaControlsTests */,
			);
		};
/* End PBXProject section */

/* Begin PBXResourcesBuildPhase section */
		89D1DD0F19AE7D89004D8C04 /* Resources */ = {
			isa = PBXResourcesBuildPhase;
			buildActionMask = 2147483647;
			files = (
				89D1DD1F19AE7D8A004D8C04 /* InfoPlist.strings in Resources */,
				89D1DD4A19AE7FF9004D8C04 /* audio.mp3 in Resources */,
				89D1DD2719AE7D8A004D8C04 /* Images.xcassets in Resources */,
			);
			runOnlyForDeploymentPostprocessing = 0;
		};
		89D1DD2A19AE7D8A004D8C04 /* Resources */ = {
			isa = PBXResourcesBuildPhase;
			buildActionMask = 2147483647;
			files = (
				89D1DD3819AE7D8A004D8C04 /* InfoPlist.strings in Resources */,
			);
			runOnlyForDeploymentPostprocessing = 0;
		};
/* End PBXResourcesBuildPhase section */

/* Begin PBXSourcesBuildPhase section */
		89D1DD0D19AE7D89004D8C04 /* Sources */ = {
			isa = PBXSourcesBuildPhase;
			buildActionMask = 2147483647;
			files = (
				89B0FB1519AF4BCD000C13B8 /* UIView+AutoLayout.m in Sources */,
				89D1DD4D19AE84F5004D8C04 /* KMMediaControls.m in Sources */,
				89D1DD4519AE7E65004D8C04 /* KMRootViewController.m in Sources */,
				89D1DD2519AE7D8A004D8C04 /* KMAppDelegate.m in Sources */,
				89D1DD2119AE7D8A004D8C04 /* main.m in Sources */,
			);
			runOnlyForDeploymentPostprocessing = 0;
		};
		89D1DD2819AE7D8A004D8C04 /* Sources */ = {
			isa = PBXSourcesBuildPhase;
			buildActionMask = 2147483647;
			files = (
				89D1DD3A19AE7D8A004D8C04 /* KMMediaControlsTests.m in Sources */,
			);
			runOnlyForDeploymentPostprocessing = 0;
		};
/* End PBXSourcesBuildPhase section */

/* Begin PBXTargetDependency section */
		89D1DD3219AE7D8A004D8C04 /* PBXTargetDependency */ = {
			isa = PBXTargetDependency;
			target = 89D1DD1019AE7D89004D8C04 /* KMMediaControls */;
			targetProxy = 89D1DD3119AE7D8A004D8C04 /* PBXContainerItemProxy */;
		};
/* End PBXTargetDependency section */

/* Begin PBXVariantGroup section */
		89D1DD1D19AE7D8A004D8C04 /* InfoPlist.strings */ = {
			isa = PBXVariantGroup;
			children = (
				89D1DD1E19AE7D8A004D8C04 /* en */,
			);
			name = InfoPlist.strings;
			sourceTree = "<group>";
		};
		89D1DD3619AE7D8A004D8C04 /* InfoPlist.strings */ = {
			isa = PBXVariantGroup;
			children = (
				89D1DD3719AE7D8A004D8C04 /* en */,
			);
			name = InfoPlist.strings;
			sourceTree = "<group>";
		};
/* End PBXVariantGroup section */

/* Begin XCBuildConfiguration section */
		89D1DD3B19AE7D8A004D8C04 /* Debug */ = {
			isa = XCBuildConfiguration;
			buildSettings = {
				ALWAYS_SEARCH_USER_PATHS = NO;
				CLANG_CXX_LANGUAGE_STANDARD = "gnu++0x";
				CLANG_CXX_LIBRARY = "libc++";
				CLANG_ENABLE_MODULES = YES;
				CLANG_ENABLE_OBJC_ARC = YES;
				CLANG_WARN_BOOL_CONVERSION = YES;
				CLANG_WARN_CONSTANT_CONVERSION = YES;
				CLANG_WARN_DIRECT_OBJC_ISA_USAGE = YES_ERROR;
				CLANG_WARN_EMPTY_BODY = YES;
				CLANG_WARN_ENUM_CONVERSION = YES;
				CLANG_WARN_INT_CONVERSION = YES;
				CLANG_WARN_OBJC_ROOT_CLASS = YES_ERROR;
				CLANG_WARN__DUPLICATE_METHOD_MATCH = YES;
				"CODE_SIGN_IDENTITY[sdk=iphoneos*]" = "iPhone Developer";
				COPY_PHASE_STRIP = NO;
				GCC_C_LANGUAGE_STANDARD = gnu99;
				GCC_DYNAMIC_NO_PIC = NO;
				GCC_OPTIMIZATION_LEVEL = 0;
				GCC_PREPROCESSOR_DEFINITIONS = (
					"DEBUG=1",
					"$(inherited)",
				);
				GCC_SYMBOLS_PRIVATE_EXTERN = NO;
				GCC_WARN_64_TO_32_BIT_CONVERSION = YES;
				GCC_WARN_ABOUT_RETURN_TYPE = YES_ERROR;
				GCC_WARN_UNDECLARED_SELECTOR = YES;
				GCC_WARN_UNINITIALIZED_AUTOS = YES_AGGRESSIVE;
				GCC_WARN_UNUSED_FUNCTION = YES;
				GCC_WARN_UNUSED_VARIABLE = YES;
				IPHONEOS_DEPLOYMENT_TARGET = 7.1;
				ONLY_ACTIVE_ARCH = YES;
				SDKROOT = iphoneos;
			};
			name = Debug;
		};
		89D1DD3C19AE7D8A004D8C04 /* Release */ = {
			isa = XCBuildConfiguration;
			buildSettings = {
				ALWAYS_SEARCH_USER_PATHS = NO;
				CLANG_CXX_LANGUAGE_STANDARD = "gnu++0x";
				CLANG_CXX_LIBRARY = "libc++";
				CLANG_ENABLE_MODULES = YES;
				CLANG_ENABLE_OBJC_ARC = YES;
				CLANG_WARN_BOOL_CONVERSION = YES;
				CLANG_WARN_CONSTANT_CONVERSION = YES;
				CLANG_WARN_DIRECT_OBJC_ISA_USAGE = YES_ERROR;
				CLANG_WARN_EMPTY_BODY = YES;
				CLANG_WARN_ENUM_CONVERSION = YES;
				CLANG_WARN_INT_CONVERSION = YES;
				CLANG_WARN_OBJC_ROOT_CLASS = YES_ERROR;
				CLANG_WARN__DUPLICATE_METHOD_MATCH = YES;
				"CODE_SIGN_IDENTITY[sdk=iphoneos*]" = "iPhone Developer";
				COPY_PHASE_STRIP = YES;
				ENABLE_NS_ASSERTIONS = NO;
				GCC_C_LANGUAGE_STANDARD = gnu99;
				GCC_WARN_64_TO_32_BIT_CONVERSION = YES;
				GCC_WARN_ABOUT_RETURN_TYPE = YES_ERROR;
				GCC_WARN_UNDECLARED_SELECTOR = YES;
				GCC_WARN_UNINITIALIZED_AUTOS = YES_AGGRESSIVE;
				GCC_WARN_UNUSED_FUNCTION = YES;
				GCC_WARN_UNUSED_VARIABLE = YES;
				IPHONEOS_DEPLOYMENT_TARGET = 7.1;
				SDKROOT = iphoneos;
				VALIDATE_PRODUCT = YES;
			};
			name = Release;
		};
		89D1DD3E19AE7D8A004D8C04 /* Debug */ = {
			isa = XCBuildConfiguration;
			buildSettings = {
				ASSETCATALOG_COMPILER_APPICON_NAME = AppIcon;
				ASSETCATALOG_COMPILER_LAUNCHIMAGE_NAME = LaunchImage;
				GCC_PRECOMPILE_PREFIX_HEADER = YES;
				GCC_PREFIX_HEADER = "KMMediaControls/KMMediaControls-Prefix.pch";
				INFOPLIST_FILE = "KMMediaControls/KMMediaControls-Info.plist";
				PRODUCT_NAME = "$(TARGET_NAME)";
				WRAPPER_EXTENSION = app;
			};
			name = Debug;
		};
		89D1DD3F19AE7D8A004D8C04 /* Release */ = {
			isa = XCBuildConfiguration;
			buildSettings = {
				ASSETCATALOG_COMPILER_APPICON_NAME = AppIcon;
				ASSETCATALOG_COMPILER_LAUNCHIMAGE_NAME = LaunchImage;
				GCC_PRECOMPILE_PREFIX_HEADER = YES;
				GCC_PREFIX_HEADER = "KMMediaControls/KMMediaControls-Prefix.pch";
				INFOPLIST_FILE = "KMMediaControls/KMMediaControls-Info.plist";
				PRODUCT_NAME = "$(TARGET_NAME)";
				WRAPPER_EXTENSION = app;
			};
			name = Release;
		};
		89D1DD4119AE7D8A004D8C04 /* Debug */ = {
			isa = XCBuildConfiguration;
			buildSettings = {
				BUNDLE_LOADER = "$(BUILT_PRODUCTS_DIR)/KMMediaControls.app/KMMediaControls";
				FRAMEWORK_SEARCH_PATHS = (
					"$(SDKROOT)/Developer/Library/Frameworks",
					"$(inherited)",
					"$(DEVELOPER_FRAMEWORKS_DIR)",
				);
				GCC_PRECOMPILE_PREFIX_HEADER = YES;
				GCC_PREFIX_HEADER = "KMMediaControls/KMMediaControls-Prefix.pch";
				GCC_PREPROCESSOR_DEFINITIONS = (
					"DEBUG=1",
					"$(inherited)",
				);
				INFOPLIST_FILE = "KMMediaControlsTests/KMMediaControlsTests-Info.plist";
				PRODUCT_NAME = "$(TARGET_NAME)";
				TEST_HOST = "$(BUNDLE_LOADER)";
				WRAPPER_EXTENSION = xctest;
			};
			name = Debug;
		};
		89D1DD4219AE7D8A004D8C04 /* Release */ = {
			isa = XCBuildConfiguration;
			buildSettings = {
				BUNDLE_LOADER = "$(BUILT_PRODUCTS_DIR)/KMMediaControls.app/KMMediaControls";
				FRAMEWORK_SEARCH_PATHS = (
					"$(SDKROOT)/Developer/Library/Frameworks",
					"$(inherited)",
					"$(DEVELOPER_FRAMEWORKS_DIR)",
				);
				GCC_PRECOMPILE_PREFIX_HEADER = YES;
				GCC_PREFIX_HEADER = "KMMediaControls/KMMediaControls-Prefix.pch";
				INFOPLIST_FILE = "KMMediaControlsTests/KMMediaControlsTests-Info.plist";
				PRODUCT_NAME = "$(TARGET_NAME)";
				TEST_HOST = "$(BUNDLE_LOADER)";
				WRAPPER_EXTENSION = xctest;
			};
			name = Release;
		};
/* End XCBuildConfiguration section */

/* Begin XCConfigurationList section */
		89D1DD0C19AE7D89004D8C04 /* Build configuration list for PBXProject "KMMediaControls" */ = {
			isa = XCConfigurationList;
			buildConfigurations = (
				89D1DD3B19AE7D8A004D8C04 /* Debug */,
				89D1DD3C19AE7D8A004D8C04 /* Release */,
			);
			defaultConfigurationIsVisible = 0;
			defaultConfigurationName = Release;
		};
		89D1DD3D19AE7D8A004D8C04 /* Build configuration list for PBXNativeTarget "KMMediaControls" */ = {
			isa = XCConfigurationList;
			buildConfigurations = (
				89D1DD3E19AE7D8A004D8C04 /* Debug */,
				89D1DD3F19AE7D8A004D8C04 /* Release */,
			);
			defaultConfigurationIsVisible = 0;
			defaultConfigurationName = Release;
		};
		89D1DD4019AE7D8A004D8C04 /* Build configuration list for PBXNativeTarget "KMMediaControlsTests" */ = {
			isa = XCConfigurationList;
			buildConfigurations = (
				89D1DD4119AE7D8A004D8C04 /* Debug */,
				89D1DD4219AE7D8A004D8C04 /* Release */,
			);
			defaultConfigurationIsVisible = 0;
			defaultConfigurationName = Release;
		};
/* End XCConfigurationList section */
	};
	rootObject = 89D1DD0919AE7D89004D8C04 /* Project object */;
}
